
Microsoft Visual Studio Solution File, Format Version 12.00
# Visual Studio Version 17
VisualStudioVersion = 17.5.33530.505
MinimumVisualStudioVersion = 10.0.40219.1
Project("{FAE04EC0-301F-11D3-BF4B-00C04F79EFBC}") = "KPMGApi", "KPMGApi\KPMGApi.csproj", "{1AD48383-ECD8-45F3-AB7F-EB3364FF420D}"
EndProject
Global
	GlobalSection(SolutionConfigurationPlatforms) = preSolution
		Debug|Any CPU = Debug|Any CPU
		Release|Any CPU = Release|Any CPU
	EndGlobalSection
	GlobalSection(ProjectConfigurationPlatforms) = postSolution
		{1AD48383-ECD8-45F3-AB7F-EB3364FF420D}.Debug|Any CPU.ActiveCfg = Debug|Any CPU
		{1AD48383-ECD8-45F3-AB7F-EB3364FF420D}.Debug|Any CPU.Build.0 = Debug|Any CPU
		{1AD48383-ECD8-45F3-AB7F-EB3364FF420D}.Release|Any CPU.ActiveCfg = Release|Any CPU
		{1AD48383-ECD8-45F3-AB7F-EB3364FF420D}.Release|Any CPU.Build.0 = Release|Any CPU
	EndGlobalSection
	GlobalSection(SolutionProperties) = preSolution
		HideSolutionNode = FALSE
	EndGlobalSection
	GlobalSection(ExtensibilityGlobals) = postSolution
		SolutionGuid = {3414B386-0049-4B83-9D3E-D42DCB8E6E4F}
	EndGlobalSection
EndGlobal
